
Microsoft Visual Studio Solution File, Format Version 12.00
# Visual Studio Version 16
VisualStudioVersion = 16.0.31729.503
MinimumVisualStudioVersion = 10.0.40219.1
Project("{9A19103F-16F7-4668-BE54-9A1E7A4F7556}") = "VarDemo", "VarDemo\VarDemo.csproj", "{20D9FCCA-203C-4F89-8107-796AA9B53F59}"
EndProject
Project("{2150E333-8FDC-42A3-9474-1A3956D46DE8}") = "Solution Items", "Solution Items", "{AD64BC42-EEBB-4A50-9806-903511105D8A}"
	ProjectSection(SolutionItems) = preProject
		.gitignore = .gitignore
	EndProjectSection
EndProject
Project("{9A19103F-16F7-4668-BE54-9A1E7A4F7556}") = "RoomCalculator", "RoomCalculator\RoomCalculator.csproj", "{90A57C6B-DF99-4577-9D72-D086E09A0613}"
EndProject
Project("{FAE04EC0-301F-11D3-BF4B-00C04F79EFBC}") = "ExpressionDemo", "ExpressionDemo\ExpressionDemo.csproj", "{06FEC01E-B1C0-4D93-A595-1D8E1907D38A}"
EndProject
Project("{FAE04EC0-301F-11D3-BF4B-00C04F79EFBC}") = "IfElseDemo", "IfElseDemo\IfElseDemo.csproj", "{5D9DC66C-A64A-411A-852C-FB96C0B32064}"
EndProject
Project("{FAE04EC0-301F-11D3-BF4B-00C04F79EFBC}") = "LoopDemo", "LoopDemo\LoopDemo.csproj", "{8D8EA982-EE2F-49E8-AD25-D9A88599D12E}"
EndProject
Project("{FAE04EC0-301F-11D3-BF4B-00C04F79EFBC}") = "NumberAnalyzer", "NumberAnalyzer\NumberAnalyzer.csproj", "{1E48A91A-A8AA-47EA-B593-25627A06FDF3}"
EndProject
Global
	GlobalSection(SolutionConfigurationPlatforms) = preSolution
		Debug|Any CPU = Debug|Any CPU
		Release|Any CPU = Release|Any CPU
	EndGlobalSection
	GlobalSection(ProjectConfigurationPlatforms) = postSolution
		{20D9FCCA-203C-4F89-8107-796AA9B53F59}.Debug|Any CPU.ActiveCfg = Debug|Any CPU
		{20D9FCCA-203C-4F89-8107-796AA9B53F59}.Debug|Any CPU.Build.0 = Debug|Any CPU
		{20D9FCCA-203C-4F89-8107-796AA9B53F59}.Release|Any CPU.ActiveCfg = Release|Any CPU
		{20D9FCCA-203C-4F89-8107-796AA9B53F59}.Release|Any CPU.Build.0 = Release|Any CPU
		{90A57C6B-DF99-4577-9D72-D086E09A0613}.Debug|Any CPU.ActiveCfg = Debug|Any CPU
		{90A57C6B-DF99-4577-9D72-D086E09A0613}.Debug|Any CPU.Build.0 = Debug|Any CPU
		{90A57C6B-DF99-4577-9D72-D086E09A0613}.Release|Any CPU.ActiveCfg = Release|Any CPU
		{90A57C6B-DF99-4577-9D72-D086E09A0613}.Release|Any CPU.Build.0 = Release|Any CPU
		{06FEC01E-B1C0-4D93-A595-1D8E1907D38A}.Debug|Any CPU.ActiveCfg = Debug|Any CPU
		{06FEC01E-B1C0-4D93-A595-1D8E1907D38A}.Debug|Any CPU.Build.0 = Debug|Any CPU
		{06FEC01E-B1C0-4D93-A595-1D8E1907D38A}.Release|Any CPU.ActiveCfg = Release|Any CPU
		{06FEC01E-B1C0-4D93-A595-1D8E1907D38A}.Release|Any CPU.Build.0 = Release|Any CPU
		{5D9DC66C-A64A-411A-852C-FB96C0B32064}.Debug|Any CPU.ActiveCfg = Debug|Any CPU
		{5D9DC66C-A64A-411A-852C-FB96C0B32064}.Debug|Any CPU.Build.0 = Debug|Any CPU
		{5D9DC66C-A64A-411A-852C-FB96C0B32064}.Release|Any CPU.ActiveCfg = Release|Any CPU
		{5D9DC66C-A64A-411A-852C-FB96C0B32064}.Release|Any CPU.Build.0 = Release|Any CPU
		{8D8EA982-EE2F-49E8-AD25-D9A88599D12E}.Debug|Any CPU.ActiveCfg = Debug|Any CPU
		{8D8EA982-EE2F-49E8-AD25-D9A88599D12E}.Debug|Any CPU.Build.0 = Debug|Any CPU
		{8D8EA982-EE2F-49E8-AD25-D9A88599D12E}.Release|Any CPU.ActiveCfg = Release|Any CPU
		{8D8EA982-EE2F-49E8-AD25-D9A88599D12E}.Release|Any CPU.Build.0 = Release|Any CPU
		{1E48A91A-A8AA-47EA-B593-25627A06FDF3}.Debug|Any CPU.ActiveCfg = Debug|Any CPU
		{1E48A91A-A8AA-47EA-B593-25627A06FDF3}.Debug|Any CPU.Build.0 = Debug|Any CPU
		{1E48A91A-A8AA-47EA-B593-25627A06FDF3}.Release|Any CPU.ActiveCfg = Release|Any CPU
		{1E48A91A-A8AA-47EA-B593-25627A06FDF3}.Release|Any CPU.Build.0 = Release|Any CPU
	EndGlobalSection
	GlobalSection(SolutionProperties) = preSolution
		HideSolutionNode = FALSE
	EndGlobalSection
	GlobalSection(ExtensibilityGlobals) = postSolution
		SolutionGuid = {F5CC24EC-D8ED-4C8D-A7C2-CB5A141A2788}
	EndGlobalSection
EndGlobal
