
Microsoft Visual Studio Solution File, Format Version 12.00
# Visual Studio Version 16
VisualStudioVersion = 16.0.31729.503
MinimumVisualStudioVersion = 10.0.40219.1
Project("{9A19103F-16F7-4668-BE54-9A1E7A4F7556}") = "VarDemo", "VarDemo\VarDemo.csproj", "{20D9FCCA-203C-4F89-8107-796AA9B53F59}"
EndProject
Project("{2150E333-8FDC-42A3-9474-1A3956D46DE8}") = "Solution Items", "Solution Items", "{AD64BC42-EEBB-4A50-9806-903511105D8A}"
	ProjectSection(SolutionItems) = preProject
		.gitignore = .gitignore
	EndProjectSection
EndProject
Project("{9A19103F-16F7-4668-BE54-9A1E7A4F7556}") = "RoomCalculator", "RoomCalculator\RoomCalculator.csproj", "{90A57C6B-DF99-4577-9D72-D086E09A0613}"
EndProject
Project("{9A19103F-16F7-4668-BE54-9A1E7A4F7556}") = "ExpressionDemo", "ExpressionDemo\ExpressionDemo.csproj", "{06FEC01E-B1C0-4D93-A595-1D8E1907D38A}"
EndProject
Project("{9A19103F-16F7-4668-BE54-9A1E7A4F7556}") = "IfElseDemo", "IfElseDemo\IfElseDemo.csproj", "{5D9DC66C-A64A-411A-852C-FB96C0B32064}"
EndProject
Project("{9A19103F-16F7-4668-BE54-9A1E7A4F7556}") = "LoopDemo", "LoopDemo\LoopDemo.csproj", "{8D8EA982-EE2F-49E8-AD25-D9A88599D12E}"
EndProject
Project("{9A19103F-16F7-4668-BE54-9A1E7A4F7556}") = "NumberAnalyzer", "NumberAnalyzer\NumberAnalyzer.csproj", "{1E48A91A-A8AA-47EA-B593-25627A06FDF3}"
EndProject
Project("{9A19103F-16F7-4668-BE54-9A1E7A4F7556}") = "LoopDemo2", "LoopDemo2\LoopDemo2.csproj", "{EBB6697C-935F-48B8-9708-6E71C0F5E2CB}"
EndProject
Project("{9A19103F-16F7-4668-BE54-9A1E7A4F7556}") = "MethodDemo", "MethodDemo\MethodDemo.csproj", "{FE89EB0C-21D9-45B4-BCB3-116C86FFC310}"
EndProject
Project("{9A19103F-16F7-4668-BE54-9A1E7A4F7556}") = "NumAnalyze2", "NumAnalyze2\NumAnalyze2.csproj", "{9A38012E-7B39-4C60-9C7C-10B2397B8F7A}"
EndProject
Project("{9A19103F-16F7-4668-BE54-9A1E7A4F7556}") = "ExponentsPowersTable", "ExponentsPowersTable\ExponentsPowersTable.csproj", "{F0C83723-3EAF-431B-B9AA-FCC58130B960}"
EndProject
Project("{9A19103F-16F7-4668-BE54-9A1E7A4F7556}") = "MethodPractice", "MethodPractice\MethodPractice.csproj", "{75542407-0A97-4EF7-AA57-4497082FFFB5}"
EndProject
Project("{9A19103F-16F7-4668-BE54-9A1E7A4F7556}") = "PigLatinCapstone", "PigLatinCapstone\PigLatinCapstone.csproj", "{2ACF1AA7-9FAB-4D09-A80B-89EF31B1312D}"
EndProject
Project("{9A19103F-16F7-4668-BE54-9A1E7A4F7556}") = "SandboxArea", "SandboxArea\SandboxArea.csproj", "{53E8FEA0-E456-4F5E-8799-895E15CDC288}"
EndProject
Project("{9A19103F-16F7-4668-BE54-9A1E7A4F7556}") = "PigLatinJoshColorito", "PigLatinJoshColorito\PigLatinJoshColorito.csproj", "{86A91304-2541-4E39-A0B3-218E3969EEDA}"
EndProject
Project("{FAE04EC0-301F-11D3-BF4B-00C04F79EFBC}") = "GonnaLaughAboutThisLater", "GonnaLaughAboutThisLater\GonnaLaughAboutThisLater.csproj", "{C5946DAF-B54E-4EBB-AB48-D22601043B15}"
EndProject
Project("{FAE04EC0-301F-11D3-BF4B-00C04F79EFBC}") = "PigLatin_FINAL", "PigLatin_FINAL\PigLatin_FINAL.csproj", "{3B796D44-98BC-4965-8245-3D7991DBA87B}"
EndProject
Global
	GlobalSection(SolutionConfigurationPlatforms) = preSolution
		Debug|Any CPU = Debug|Any CPU
		Release|Any CPU = Release|Any CPU
	EndGlobalSection
	GlobalSection(ProjectConfigurationPlatforms) = postSolution
		{20D9FCCA-203C-4F89-8107-796AA9B53F59}.Debug|Any CPU.ActiveCfg = Debug|Any CPU
		{20D9FCCA-203C-4F89-8107-796AA9B53F59}.Debug|Any CPU.Build.0 = Debug|Any CPU
		{20D9FCCA-203C-4F89-8107-796AA9B53F59}.Release|Any CPU.ActiveCfg = Release|Any CPU
		{20D9FCCA-203C-4F89-8107-796AA9B53F59}.Release|Any CPU.Build.0 = Release|Any CPU
		{90A57C6B-DF99-4577-9D72-D086E09A0613}.Debug|Any CPU.ActiveCfg = Debug|Any CPU
		{90A57C6B-DF99-4577-9D72-D086E09A0613}.Debug|Any CPU.Build.0 = Debug|Any CPU
		{90A57C6B-DF99-4577-9D72-D086E09A0613}.Release|Any CPU.ActiveCfg = Release|Any CPU
		{90A57C6B-DF99-4577-9D72-D086E09A0613}.Release|Any CPU.Build.0 = Release|Any CPU
		{06FEC01E-B1C0-4D93-A595-1D8E1907D38A}.Debug|Any CPU.ActiveCfg = Debug|Any CPU
		{06FEC01E-B1C0-4D93-A595-1D8E1907D38A}.Debug|Any CPU.Build.0 = Debug|Any CPU
		{06FEC01E-B1C0-4D93-A595-1D8E1907D38A}.Release|Any CPU.ActiveCfg = Release|Any CPU
		{06FEC01E-B1C0-4D93-A595-1D8E1907D38A}.Release|Any CPU.Build.0 = Release|Any CPU
		{5D9DC66C-A64A-411A-852C-FB96C0B32064}.Debug|Any CPU.ActiveCfg = Debug|Any CPU
		{5D9DC66C-A64A-411A-852C-FB96C0B32064}.Debug|Any CPU.Build.0 = Debug|Any CPU
		{5D9DC66C-A64A-411A-852C-FB96C0B32064}.Release|Any CPU.ActiveCfg = Release|Any CPU
		{5D9DC66C-A64A-411A-852C-FB96C0B32064}.Release|Any CPU.Build.0 = Release|Any CPU
		{8D8EA982-EE2F-49E8-AD25-D9A88599D12E}.Debug|Any CPU.ActiveCfg = Debug|Any CPU
		{8D8EA982-EE2F-49E8-AD25-D9A88599D12E}.Debug|Any CPU.Build.0 = Debug|Any CPU
		{8D8EA982-EE2F-49E8-AD25-D9A88599D12E}.Release|Any CPU.ActiveCfg = Release|Any CPU
		{8D8EA982-EE2F-49E8-AD25-D9A88599D12E}.Release|Any CPU.Build.0 = Release|Any CPU
		{1E48A91A-A8AA-47EA-B593-25627A06FDF3}.Debug|Any CPU.ActiveCfg = Debug|Any CPU
		{1E48A91A-A8AA-47EA-B593-25627A06FDF3}.Debug|Any CPU.Build.0 = Debug|Any CPU
		{1E48A91A-A8AA-47EA-B593-25627A06FDF3}.Release|Any CPU.ActiveCfg = Release|Any CPU
		{1E48A91A-A8AA-47EA-B593-25627A06FDF3}.Release|Any CPU.Build.0 = Release|Any CPU
		{EBB6697C-935F-48B8-9708-6E71C0F5E2CB}.Debug|Any CPU.ActiveCfg = Debug|Any CPU
		{EBB6697C-935F-48B8-9708-6E71C0F5E2CB}.Debug|Any CPU.Build.0 = Debug|Any CPU
		{EBB6697C-935F-48B8-9708-6E71C0F5E2CB}.Release|Any CPU.ActiveCfg = Release|Any CPU
		{EBB6697C-935F-48B8-9708-6E71C0F5E2CB}.Release|Any CPU.Build.0 = Release|Any CPU
		{FE89EB0C-21D9-45B4-BCB3-116C86FFC310}.Debug|Any CPU.ActiveCfg = Debug|Any CPU
		{FE89EB0C-21D9-45B4-BCB3-116C86FFC310}.Debug|Any CPU.Build.0 = Debug|Any CPU
		{FE89EB0C-21D9-45B4-BCB3-116C86FFC310}.Release|Any CPU.ActiveCfg = Release|Any CPU
		{FE89EB0C-21D9-45B4-BCB3-116C86FFC310}.Release|Any CPU.Build.0 = Release|Any CPU
		{9A38012E-7B39-4C60-9C7C-10B2397B8F7A}.Debug|Any CPU.ActiveCfg = Debug|Any CPU
		{9A38012E-7B39-4C60-9C7C-10B2397B8F7A}.Debug|Any CPU.Build.0 = Debug|Any CPU
		{9A38012E-7B39-4C60-9C7C-10B2397B8F7A}.Release|Any CPU.ActiveCfg = Release|Any CPU
		{9A38012E-7B39-4C60-9C7C-10B2397B8F7A}.Release|Any CPU.Build.0 = Release|Any CPU
		{F0C83723-3EAF-431B-B9AA-FCC58130B960}.Debug|Any CPU.ActiveCfg = Debug|Any CPU
		{F0C83723-3EAF-431B-B9AA-FCC58130B960}.Debug|Any CPU.Build.0 = Debug|Any CPU
		{F0C83723-3EAF-431B-B9AA-FCC58130B960}.Release|Any CPU.ActiveCfg = Release|Any CPU
		{F0C83723-3EAF-431B-B9AA-FCC58130B960}.Release|Any CPU.Build.0 = Release|Any CPU
		{75542407-0A97-4EF7-AA57-4497082FFFB5}.Debug|Any CPU.ActiveCfg = Debug|Any CPU
		{75542407-0A97-4EF7-AA57-4497082FFFB5}.Debug|Any CPU.Build.0 = Debug|Any CPU
		{75542407-0A97-4EF7-AA57-4497082FFFB5}.Release|Any CPU.ActiveCfg = Release|Any CPU
		{75542407-0A97-4EF7-AA57-4497082FFFB5}.Release|Any CPU.Build.0 = Release|Any CPU
		{2ACF1AA7-9FAB-4D09-A80B-89EF31B1312D}.Debug|Any CPU.ActiveCfg = Debug|Any CPU
		{2ACF1AA7-9FAB-4D09-A80B-89EF31B1312D}.Debug|Any CPU.Build.0 = Debug|Any CPU
		{2ACF1AA7-9FAB-4D09-A80B-89EF31B1312D}.Release|Any CPU.ActiveCfg = Release|Any CPU
		{2ACF1AA7-9FAB-4D09-A80B-89EF31B1312D}.Release|Any CPU.Build.0 = Release|Any CPU
		{53E8FEA0-E456-4F5E-8799-895E15CDC288}.Debug|Any CPU.ActiveCfg = Debug|Any CPU
		{53E8FEA0-E456-4F5E-8799-895E15CDC288}.Debug|Any CPU.Build.0 = Debug|Any CPU
		{53E8FEA0-E456-4F5E-8799-895E15CDC288}.Release|Any CPU.ActiveCfg = Release|Any CPU
		{53E8FEA0-E456-4F5E-8799-895E15CDC288}.Release|Any CPU.Build.0 = Release|Any CPU
		{86A91304-2541-4E39-A0B3-218E3969EEDA}.Debug|Any CPU.ActiveCfg = Debug|Any CPU
		{86A91304-2541-4E39-A0B3-218E3969EEDA}.Debug|Any CPU.Build.0 = Debug|Any CPU
		{86A91304-2541-4E39-A0B3-218E3969EEDA}.Release|Any CPU.ActiveCfg = Release|Any CPU
		{86A91304-2541-4E39-A0B3-218E3969EEDA}.Release|Any CPU.Build.0 = Release|Any CPU
		{C5946DAF-B54E-4EBB-AB48-D22601043B15}.Debug|Any CPU.ActiveCfg = Debug|Any CPU
		{C5946DAF-B54E-4EBB-AB48-D22601043B15}.Debug|Any CPU.Build.0 = Debug|Any CPU
		{C5946DAF-B54E-4EBB-AB48-D22601043B15}.Release|Any CPU.ActiveCfg = Release|Any CPU
		{C5946DAF-B54E-4EBB-AB48-D22601043B15}.Release|Any CPU.Build.0 = Release|Any CPU
		{3B796D44-98BC-4965-8245-3D7991DBA87B}.Debug|Any CPU.ActiveCfg = Debug|Any CPU
		{3B796D44-98BC-4965-8245-3D7991DBA87B}.Debug|Any CPU.Build.0 = Debug|Any CPU
		{3B796D44-98BC-4965-8245-3D7991DBA87B}.Release|Any CPU.ActiveCfg = Release|Any CPU
		{3B796D44-98BC-4965-8245-3D7991DBA87B}.Release|Any CPU.Build.0 = Release|Any CPU
	EndGlobalSection
	GlobalSection(SolutionProperties) = preSolution
		HideSolutionNode = FALSE
	EndGlobalSection
	GlobalSection(ExtensibilityGlobals) = postSolution
		SolutionGuid = {F5CC24EC-D8ED-4C8D-A7C2-CB5A141A2788}
	EndGlobalSection
EndGlobal
